
Microsoft Visual Studio Solution File, Format Version 12.00
# Visual Studio Version 17
VisualStudioVersion = 17.9.34622.214
MinimumVisualStudioVersion = 10.0.40219.1
Project("{FAE04EC0-301F-11D3-BF4B-00C04F79EFBC}") = "didguswnsapp", "didguswnsapp\didguswnsapp.csproj", "{2CFB636C-CC18-4D3D-9595-BD3DF7C91018}"
EndProject
Global
	GlobalSection(SolutionConfigurationPlatforms) = preSolution
		Debug|Any CPU = Debug|Any CPU
		Release|Any CPU = Release|Any CPU
	EndGlobalSection
	GlobalSection(ProjectConfigurationPlatforms) = postSolution
		{2CFB636C-CC18-4D3D-9595-BD3DF7C91018}.Debug|Any CPU.ActiveCfg = Debug|Any CPU
		{2CFB636C-CC18-4D3D-9595-BD3DF7C91018}.Debug|Any CPU.Build.0 = Debug|Any CPU
		{2CFB636C-CC18-4D3D-9595-BD3DF7C91018}.Release|Any CPU.ActiveCfg = Release|Any CPU
		{2CFB636C-CC18-4D3D-9595-BD3DF7C91018}.Release|Any CPU.Build.0 = Release|Any CPU
	EndGlobalSection
	GlobalSection(SolutionProperties) = preSolution
		HideSolutionNode = FALSE
	EndGlobalSection
	GlobalSection(ExtensibilityGlobals) = postSolution
		SolutionGuid = {3BACD9A1-3A0D-4714-ADE2-A6627326C347}
	EndGlobalSection
EndGlobal
